
Microsoft Visual Studio Solution File, Format Version 12.00
# Visual Studio 15
VisualStudioVersion = 15.0.26730.12
MinimumVisualStudioVersion = 10.0.40219.1
Project("{FAE04EC0-301F-11D3-BF4B-00C04F79EFBC}") = "RakUdpP2P.BaseCommon", "RakUdpP2P.BaseCommon\RakUdpP2P.BaseCommon.csproj", "{45545912-3A29-4CC8-89FC-34A7499E2529}"
EndProject
Project("{FAE04EC0-301F-11D3-BF4B-00C04F79EFBC}") = "RakUdpP2P.UdpProxyConsole", "RakUdpP2P.UdpProxyConsole\RakUdpP2P.UdpProxyConsole.csproj", "{4F2C22B5-FD83-42CA-8300-D01C97DEBB93}"
EndProject
Project("{FAE04EC0-301F-11D3-BF4B-00C04F79EFBC}") = "RakUdpP2P.RaknetSwigCS", "RakUdpP2P.RaknetSwigCS\RakUdpP2P.RaknetSwigCS.csproj", "{07B7A658-97DA-4FAC-9522-539B0D8BFD63}"
EndProject
Project("{FAE04EC0-301F-11D3-BF4B-00C04F79EFBC}") = "RakUdpP2P.Proxy", "RakUdpP2P.Proxy\RakUdpP2P.Proxy.csproj", "{2C049527-923A-43C9-BED3-72E5D8A265C0}"
EndProject
Project("{FAE04EC0-301F-11D3-BF4B-00C04F79EFBC}") = "RakUdpP2P.Model", "RakUdpP2P.Model\RakUdpP2P.Model.csproj", "{EA619BEB-C423-47CB-B97A-9CD22C530A5E}"
EndProject
Project("{FAE04EC0-301F-11D3-BF4B-00C04F79EFBC}") = "RakUdpP2P.DAL", "RakUdpP2P.DAL\RakUdpP2P.DAL.csproj", "{B0286EBA-A9C0-4351-BF6C-B0A25E7D42D5}"
EndProject
Global
	GlobalSection(SolutionConfigurationPlatforms) = preSolution
		Debug|Any CPU = Debug|Any CPU
		Debug|x64 = Debug|x64
		Release|Any CPU = Release|Any CPU
		Release|x64 = Release|x64
	EndGlobalSection
	GlobalSection(ProjectConfigurationPlatforms) = postSolution
		{45545912-3A29-4CC8-89FC-34A7499E2529}.Debug|Any CPU.ActiveCfg = Debug|Any CPU
		{45545912-3A29-4CC8-89FC-34A7499E2529}.Debug|Any CPU.Build.0 = Debug|Any CPU
		{45545912-3A29-4CC8-89FC-34A7499E2529}.Debug|x64.ActiveCfg = Debug|Any CPU
		{45545912-3A29-4CC8-89FC-34A7499E2529}.Debug|x64.Build.0 = Debug|Any CPU
		{45545912-3A29-4CC8-89FC-34A7499E2529}.Release|Any CPU.ActiveCfg = Release|Any CPU
		{45545912-3A29-4CC8-89FC-34A7499E2529}.Release|Any CPU.Build.0 = Release|Any CPU
		{45545912-3A29-4CC8-89FC-34A7499E2529}.Release|x64.ActiveCfg = Release|Any CPU
		{45545912-3A29-4CC8-89FC-34A7499E2529}.Release|x64.Build.0 = Release|Any CPU
		{4F2C22B5-FD83-42CA-8300-D01C97DEBB93}.Debug|Any CPU.ActiveCfg = Debug|Any CPU
		{4F2C22B5-FD83-42CA-8300-D01C97DEBB93}.Debug|Any CPU.Build.0 = Debug|Any CPU
		{4F2C22B5-FD83-42CA-8300-D01C97DEBB93}.Debug|x64.ActiveCfg = Debug|x64
		{4F2C22B5-FD83-42CA-8300-D01C97DEBB93}.Debug|x64.Build.0 = Debug|x64
		{4F2C22B5-FD83-42CA-8300-D01C97DEBB93}.Release|Any CPU.ActiveCfg = Release|Any CPU
		{4F2C22B5-FD83-42CA-8300-D01C97DEBB93}.Release|Any CPU.Build.0 = Release|Any CPU
		{4F2C22B5-FD83-42CA-8300-D01C97DEBB93}.Release|x64.ActiveCfg = Release|x64
		{4F2C22B5-FD83-42CA-8300-D01C97DEBB93}.Release|x64.Build.0 = Release|x64
		{07B7A658-97DA-4FAC-9522-539B0D8BFD63}.Debug|Any CPU.ActiveCfg = Debug|Any CPU
		{07B7A658-97DA-4FAC-9522-539B0D8BFD63}.Debug|Any CPU.Build.0 = Debug|Any CPU
		{07B7A658-97DA-4FAC-9522-539B0D8BFD63}.Debug|x64.ActiveCfg = Debug|Any CPU
		{07B7A658-97DA-4FAC-9522-539B0D8BFD63}.Debug|x64.Build.0 = Debug|Any CPU
		{07B7A658-97DA-4FAC-9522-539B0D8BFD63}.Release|Any CPU.ActiveCfg = Release|Any CPU
		{07B7A658-97DA-4FAC-9522-539B0D8BFD63}.Release|Any CPU.Build.0 = Release|Any CPU
		{07B7A658-97DA-4FAC-9522-539B0D8BFD63}.Release|x64.ActiveCfg = Release|Any CPU
		{07B7A658-97DA-4FAC-9522-539B0D8BFD63}.Release|x64.Build.0 = Release|Any CPU
		{2C049527-923A-43C9-BED3-72E5D8A265C0}.Debug|Any CPU.ActiveCfg = Debug|Any CPU
		{2C049527-923A-43C9-BED3-72E5D8A265C0}.Debug|Any CPU.Build.0 = Debug|Any CPU
		{2C049527-923A-43C9-BED3-72E5D8A265C0}.Debug|x64.ActiveCfg = Debug|Any CPU
		{2C049527-923A-43C9-BED3-72E5D8A265C0}.Debug|x64.Build.0 = Debug|Any CPU
		{2C049527-923A-43C9-BED3-72E5D8A265C0}.Release|Any CPU.ActiveCfg = Release|Any CPU
		{2C049527-923A-43C9-BED3-72E5D8A265C0}.Release|Any CPU.Build.0 = Release|Any CPU
		{2C049527-923A-43C9-BED3-72E5D8A265C0}.Release|x64.ActiveCfg = Release|Any CPU
		{2C049527-923A-43C9-BED3-72E5D8A265C0}.Release|x64.Build.0 = Release|Any CPU
		{EA619BEB-C423-47CB-B97A-9CD22C530A5E}.Debug|Any CPU.ActiveCfg = Debug|Any CPU
		{EA619BEB-C423-47CB-B97A-9CD22C530A5E}.Debug|Any CPU.Build.0 = Debug|Any CPU
		{EA619BEB-C423-47CB-B97A-9CD22C530A5E}.Debug|x64.ActiveCfg = Debug|Any CPU
		{EA619BEB-C423-47CB-B97A-9CD22C530A5E}.Debug|x64.Build.0 = Debug|Any CPU
		{EA619BEB-C423-47CB-B97A-9CD22C530A5E}.Release|Any CPU.ActiveCfg = Release|Any CPU
		{EA619BEB-C423-47CB-B97A-9CD22C530A5E}.Release|Any CPU.Build.0 = Release|Any CPU
		{EA619BEB-C423-47CB-B97A-9CD22C530A5E}.Release|x64.ActiveCfg = Release|Any CPU
		{EA619BEB-C423-47CB-B97A-9CD22C530A5E}.Release|x64.Build.0 = Release|Any CPU
		{B0286EBA-A9C0-4351-BF6C-B0A25E7D42D5}.Debug|Any CPU.ActiveCfg = Debug|Any CPU
		{B0286EBA-A9C0-4351-BF6C-B0A25E7D42D5}.Debug|Any CPU.Build.0 = Debug|Any CPU
		{B0286EBA-A9C0-4351-BF6C-B0A25E7D42D5}.Debug|x64.ActiveCfg = Debug|Any CPU
		{B0286EBA-A9C0-4351-BF6C-B0A25E7D42D5}.Debug|x64.Build.0 = Debug|Any CPU
		{B0286EBA-A9C0-4351-BF6C-B0A25E7D42D5}.Release|Any CPU.ActiveCfg = Release|Any CPU
		{B0286EBA-A9C0-4351-BF6C-B0A25E7D42D5}.Release|Any CPU.Build.0 = Release|Any CPU
		{B0286EBA-A9C0-4351-BF6C-B0A25E7D42D5}.Release|x64.ActiveCfg = Release|Any CPU
		{B0286EBA-A9C0-4351-BF6C-B0A25E7D42D5}.Release|x64.Build.0 = Release|Any CPU
	EndGlobalSection
	GlobalSection(SolutionProperties) = preSolution
		HideSolutionNode = FALSE
	EndGlobalSection
	GlobalSection(ExtensibilityGlobals) = postSolution
		SolutionGuid = {FEC4E3AF-0BD2-40A5-B492-968F91E0FE11}
	EndGlobalSection
EndGlobal
